
Microsoft Visual Studio Solution File, Format Version 12.00
# Visual Studio Version 17
VisualStudioVersion = 17.4.33213.308
MinimumVisualStudioVersion = 10.0.40219.1
Project("{FAE04EC0-301F-11D3-BF4B-00C04F79EFBC}") = "Ass1C", "Ass1C\Ass1C.csproj", "{1A2F9F40-82C5-4B08-A010-42712EDC5499}"
EndProject
Global
	GlobalSection(SolutionConfigurationPlatforms) = preSolution
		Debug|Any CPU = Debug|Any CPU
		Release|Any CPU = Release|Any CPU
	EndGlobalSection
	GlobalSection(ProjectConfigurationPlatforms) = postSolution
		{1A2F9F40-82C5-4B08-A010-42712EDC5499}.Debug|Any CPU.ActiveCfg = Debug|Any CPU
		{1A2F9F40-82C5-4B08-A010-42712EDC5499}.Debug|Any CPU.Build.0 = Debug|Any CPU
		{1A2F9F40-82C5-4B08-A010-42712EDC5499}.Release|Any CPU.ActiveCfg = Release|Any CPU
		{1A2F9F40-82C5-4B08-A010-42712EDC5499}.Release|Any CPU.Build.0 = Release|Any CPU
	EndGlobalSection
	GlobalSection(SolutionProperties) = preSolution
		HideSolutionNode = FALSE
	EndGlobalSection
	GlobalSection(ExtensibilityGlobals) = postSolution
		SolutionGuid = {00C12BC0-5AB3-4E6D-A1DB-1D62A0F084D6}
	EndGlobalSection
EndGlobal
